{
  "name": "ethub-cli",
  "version": "1.0.0",
  "lockfileVersion": 3,
  "requires": true,
  "packages": {
    "": {
      "name": "ethub-cli",
      "version": "1.0.0",
      "license": "MIT",
      "bin": {
        "dashboard": "dashboard",
        "ethub": "ethub",
        "ethub-cli": "ethub_cli.js"
      }
    }
  }
}
